# THIS IS AN AUTOGENERATED FILE. DO NOT EDIT THIS FILE DIRECTLY.
# yarn lockfile v1


"@babel/runtime@^7.0.0":
  version "7.4.3"
  resolved "https://registry.yarnpkg.com/@babel/runtime/-/runtime-7.4.3.tgz#79888e452034223ad9609187a0ad1fe0d2ad4bdc"
  integrity sha512-9lsJwJLxDh/T3Q3SZszfWOTkk3pHbkmH+3KY+zwIDmsNlxsumuhS2TH3NIpktU4kNvfzy+k3eLT7aTJSPTo0OA==
  dependencies:
    regenerator-runtime "^0.13.2"

"@rooks/use-mutation-observer@1.1.0":
  version "1.1.0"
  resolved "https://registry.yarnpkg.com/@rooks/use-mutation-observer/-/use-mutation-observer-1.1.0.tgz#db5f2e9b209956f3e25a9c257c41448f8a5ad24f"
  integrity sha512-C5n6CAxn7TnMFimqAHi3vUtcoebu1GcYrgCgFjydGRNB/+VvQ768qS7Pc3H5VvNQu194NqviyEhVv4MQyqszsg==

classnames@2.2.6:
  version "2.2.6"
  resolved "https://registry.yarnpkg.com/classnames/-/classnames-2.2.6.tgz#43935bffdd291f326dad0a205309b38d00f650ce"
  integrity sha512-JR/iSQOSt+LQIWwrwEzJ9uk0xfN3mTVYMwt1Ir5mUcSN6pU+V4zQFFaJsclJbPuAUQH+yfWef6tm7l1quW3C8Q==

focus-lock@^0.6.0:
  version "0.6.2"
  resolved "https://registry.yarnpkg.com/focus-lock/-/focus-lock-0.6.2.tgz#d8ac9dbc46250779789c3e6f43d978c7dfa59dcd"
  integrity sha512-Wuq6TSOgsGQmzbpvinl1TcEw4BAUhD9T06myl5HvaBlO0geAz9ABtqBIqPkkNyO3AgPzEDazetL5hSRgj+2iqQ==

focus-outline-manager@^1.0.2:
  version "1.0.2"
  resolved "https://registry.yarnpkg.com/focus-outline-manager/-/focus-outline-manager-1.0.2.tgz#7bf3658865341fb6b08d042a037b9d2868b119b5"
  integrity sha1-e/NliGU0H7awjQQqA3udKGixGbU=

"js-tokens@^3.0.0 || ^4.0.0":
  version "4.0.0"
  resolved "https://registry.yarnpkg.com/js-tokens/-/js-tokens-4.0.0.tgz#19203fb59991df98e3a287050d4647cdeaf32499"
  integrity sha512-RdJUflcE3cUzKiMqQgsCu06FPu9UdIJO0beYbPhHN4k6apgJtifcoCtT9bcxOpYBtpD2kCM6Sbzg4CausW/PKQ==

lodash.debounce@4.0.8:
  version "4.0.8"
  resolved "https://registry.yarnpkg.com/lodash.debounce/-/lodash.debounce-4.0.8.tgz#82d79bff30a67c4005ffd5e2515300ad9ca4d7af"
  integrity sha1-gteb/zCmfEAF/9XiUVMArZyk168=

lodash.pick@4.4.0:
  version "4.4.0"
  resolved "https://registry.yarnpkg.com/lodash.pick/-/lodash.pick-4.4.0.tgz#52f05610fff9ded422611441ed1fc123a03001b3"
  integrity sha1-UvBWEP/53tQiYRRB7R/BI6AwAbM=

loose-envify@^1.4.0:
  version "1.4.0"
  resolved "https://registry.yarnpkg.com/loose-envify/-/loose-envify-1.4.0.tgz#71ee51fa7be4caec1a63839f7e682d8132d30caf"
  integrity sha512-lyuxPGr/Wfhrlem2CL/UcnUc1zcqKAImBDzukY7Y5F/yQiNdko6+fRLevlw1HgMySw7f611UIY408EtxRSoK3Q==
  dependencies:
    js-tokens "^3.0.0 || ^4.0.0"

object-assign@^4.1.1:
  version "4.1.1"
  resolved "https://registry.yarnpkg.com/object-assign/-/object-assign-4.1.1.tgz#2109adc7965887cfc05cbbd442cac8bfbb360863"
  integrity sha1-IQmtx5ZYh8/AXLvUQsrIv7s2CGM=

prop-types@15.7.2, prop-types@^15.6.2:
  version "15.7.2"
  resolved "https://registry.yarnpkg.com/prop-types/-/prop-types-15.7.2.tgz#52c41e75b8c87e72b9d9360e0206b99dcbffa6c5"
  integrity sha512-8QQikdH7//R2vurIJSutZ1smHYTcLpRWEOlHnzcWHmBYrOGUysKwSsrC89BCiFj3CbrfJ/nXFdJepOVrY1GCHQ==
  dependencies:
    loose-envify "^1.4.0"
    object-assign "^4.1.1"
    react-is "^16.8.1"

react-clientside-effect@^1.2.0:
  version "1.2.0"
  resolved "https://registry.yarnpkg.com/react-clientside-effect/-/react-clientside-effect-1.2.0.tgz#db823695f75e9616a5e4dd6d908e5ea627fb2516"
  integrity sha512-cVIsGG7SNHsQsCP4+fw7KFUB0HiYiU8hbvL640XaLCbZ31aK8/lj0qOKJ2K+xRjuQz/IM4Q4qclI0aEqTtcXtA==
  dependencies:
    "@babel/runtime" "^7.0.0"
    shallowequal "^1.1.0"

react-focus-lock@^1.18.3:
  version "1.18.3"
  resolved "https://registry.yarnpkg.com/react-focus-lock/-/react-focus-lock-1.18.3.tgz#19d84afeab935c0b5de196922f71db7c481baba4"
  integrity sha512-4fPAHnsr8oCYPgVmcMZ8NbAE9jm/OshPjXEM5PHseu2lDernzm/b1sHhYzZUO4OoW9D/u1AQsV6n4trRllow7w==
  dependencies:
    "@babel/runtime" "^7.0.0"
    focus-lock "^0.6.0"
    prop-types "^15.6.2"
    react-clientside-effect "^1.2.0"

react-is@^16.8.1:
  version "16.8.6"
  resolved "https://registry.yarnpkg.com/react-is/-/react-is-16.8.6.tgz#5bbc1e2d29141c9fbdfed456343fe2bc430a6a16"
  integrity sha512-aUk3bHfZ2bRSVFFbbeVS4i+lNPZr3/WM5jT2J5omUVV1zzcs1nAaf3l51ctA5FFvCRbhrH0bdAsRRQddFJZPtA==

reactour@^1.13.4:
  version "1.13.4"
  resolved "https://registry.yarnpkg.com/reactour/-/reactour-1.13.4.tgz#574c014ef6fbea234a4129e6d89fbd2c1082fc3a"
  integrity sha512-aOIGGwZ1Gu5UG2n7h/RMJcfOl5oT7+DjSnjdfxJNufb4Qkm7omz1hsiLlzEn5yzBny536S1dCKYLf0vpFoNKrA==
  dependencies:
    "@rooks/use-mutation-observer" "1.1.0"
    classnames "2.2.6"
    focus-outline-manager "^1.0.2"
    lodash.debounce "4.0.8"
    lodash.pick "4.4.0"
    prop-types "15.7.2"
    react-focus-lock "^1.18.3"
    scroll-smooth "1.0.1"
    scrollparent "2.0.1"

regenerator-runtime@^0.13.2:
  version "0.13.2"
  resolved "https://registry.yarnpkg.com/regenerator-runtime/-/regenerator-runtime-0.13.2.tgz#32e59c9a6fb9b1a4aff09b4930ca2d4477343447"
  integrity sha512-S/TQAZJO+D3m9xeN1WTI8dLKBBiRgXBlTJvbWjCThHWZj9EvHK70Ff50/tYj2J/fvBY6JtFVwRuazHN2E7M9BA==

scroll-smooth@1.0.1:
  version "1.0.1"
  resolved "https://registry.yarnpkg.com/scroll-smooth/-/scroll-smooth-1.0.1.tgz#77be38594dc0ae4af58851383927b60ad9f3f842"
  integrity sha1-d744WU3Arkr1iFE4OSe2Ctnz+EI=

scrollparent@2.0.1:
  version "2.0.1"
  resolved "https://registry.yarnpkg.com/scrollparent/-/scrollparent-2.0.1.tgz#715d5b9cc57760fb22bdccc3befb5bfe06b1a317"
  integrity sha1-cV1bnMV3YPsivczDvvtb/gaxoxc=

shallowequal@^1.1.0:
  version "1.1.0"
  resolved "https://registry.yarnpkg.com/shallowequal/-/shallowequal-1.1.0.tgz#188d521de95b9087404fd4dcb68b13df0ae4e7f8"
  integrity sha512-y0m1JoUZSlPAjXVtPPW70aZWfIL/dSP7AFkRnniLCrK/8MDKog3TySTBmckD+RObVxH0v4Tox67+F14PdED2oQ==
